// !$*UTF8*$!
{
	archiveVersion = 1;
	classes = {
	};
	objectVersion = 46;
	objects = {

/* Begin PBXBuildFile section */
		81EB8E231E382D0F004B7061 /* AppDelegate.swift in Sources */ = {isa = PBXBuildFile; fileRef = 81EB8E221E382D0F004B7061 /* AppDelegate.swift */; };
		81EB8E251E382D0F004B7061 /* ViewController.swift in Sources */ = {isa = PBXBuildFile; fileRef = 81EB8E241E382D0F004B7061 /* ViewController.swift */; };
		81EB8E281E382D0F004B7061 /* Main.storyboard in Resources */ = {isa = PBXBuildFile; fileRef = 81EB8E261E382D0F004B7061 /* Main.storyboard */; };
		81EB8E2B1E382D0F004B7061 /* ContactCore.xcdatamodeld in Sources */ = {isa = PBXBuildFile; fileRef = 81EB8E291E382D0F004B7061 /* ContactCore.xcdatamodeld */; };
		81EB8E2D1E382D0F004B7061 /* Assets.xcassets in Resources */ = {isa = PBXBuildFile; fileRef = 81EB8E2C1E382D0F004B7061 /* Assets.xcassets */; };
		81EB8E301E382D0F004B7061 /* LaunchScreen.storyboard in Resources */ = {isa = PBXBuildFile; fileRef = 81EB8E2E1E382D0F004B7061 /* LaunchScreen.storyboard */; };
		81EB8E381E38347F004B7061 /* DetailViewController.swift in Sources */ = {isa = PBXBuildFile; fileRef = 81EB8E371E38347F004B7061 /* DetailViewController.swift */; };
/* End PBXBuildFile section */

/* Begin PBXFileReference section */
		81EB8E1F1E382D0F004B7061 /* ContactCore.app */ = {isa = PBXFileReference; explicitFileType = wrapper.application; includeInIndex = 0; path = ContactCore.app; sourceTree = BUILT_PRODUCTS_DIR; };
		81EB8E221E382D0F004B7061 /* AppDelegate.swift */ = {isa = PBXFileReference; lastKnownFileType = sourcecode.swift; path = AppDelegate.swift; sourceTree = "<group>"; };
		81EB8E241E382D0F004B7061 /* ViewController.swift */ = {isa = PBXFileReference; lastKnownFileType = sourcecode.swift; path = ViewController.swift; sourceTree = "<group>"; };
		81EB8E271E382D0F004B7061 /* Base */ = {isa = PBXFileReference; lastKnownFileType = file.storyboard; name = Base; path = Base.lproj/Main.storyboard; sourceTree = "<group>"; };
		81EB8E2A1E382D0F004B7061 /* ContactCore.xcdatamodel */ = {isa = PBXFileReference; lastKnownFileType = wrapper.xcdatamodel; path = ContactCore.xcdatamodel; sourceTree = "<group>"; };
		81EB8E2C1E382D0F004B7061 /* Assets.xcassets */ = {isa = PBXFileReference; lastKnownFileType = folder.assetcatalog; path = Assets.xcassets; sourceTree = "<group>"; };
		81EB8E2F1E382D0F004B7061 /* Base */ = {isa = PBXFileReference; lastKnownFileType = file.storyboard; name = Base; path = Base.lproj/LaunchScreen.storyboard; sourceTree = "<group>"; };
		81EB8E311E382D0F004B7061 /* Info.plist */ = {isa = PBXFileReference; lastKnownFileType = text.plist.xml; path = Info.plist; sourceTree = "<group>"; };
		81EB8E371E38347F004B7061 /* DetailViewController.swift */ = {isa = PBXFileReference; fileEncoding = 4; lastKnownFileType = sourcecode.swift; path = DetailViewController.swift; sourceTree = "<group>"; };
/* End PBXFileReference section */

/* Begin PBXFrameworksBuildPhase section */
		81EB8E1C1E382D0F004B7061 /* Frameworks */ = {
			isa = PBXFrameworksBuildPhase;
			buildActionMask = 2147483647;
			files = (
			);
			runOnlyForDeploymentPostprocessing = 0;
		};
/* End PBXFrameworksBuildPhase section */

/* Begin PBXGroup section */
		81EB8E161E382D0F004B7061 = {
			isa = PBXGroup;
			children = (
				81EB8E211E382D0F004B7061 /* ContactCore */,
				81EB8E201E382D0F004B7061 /* Products */,
			);
			sourceTree = "<group>";
		};
		81EB8E201E382D0F004B7061 /* Products */ = {
			isa = PBXGroup;
			children = (
				81EB8E1F1E382D0F004B7061 /* ContactCore.app */,
			);
			name = Products;
			sourceTree = "<group>";
		};
		81EB8E211E382D0F004B7061 /* ContactCore */ = {
			isa = PBXGroup;
			children = (
				81EB8E221E382D0F004B7061 /* AppDelegate.swift */,
				81EB8E241E382D0F004B7061 /* ViewController.swift */,
				81EB8E371E38347F004B7061 /* DetailViewController.swift */,
				81EB8E261E382D0F004B7061 /* Main.storyboard */,
				81EB8E2C1E382D0F004B7061 /* Assets.xcassets */,
				81EB8E2E1E382D0F004B7061 /* LaunchScreen.storyboard */,
				81EB8E311E382D0F004B7061 /* Info.plist */,
				81EB8E291E382D0F004B7061 /* ContactCore.xcdatamodeld */,
			);
			path = ContactCore;
			sourceTree = "<group>";
		};
/* End PBXGroup section */

/* Begin PBXNativeTarget section */
		81EB8E1E1E382D0F004B7061 /* ContactCore */ = {
			isa = PBXNativeTarget;
			buildConfigurationList = 81EB8E341E382D0F004B7061 /* Build configuration list for PBXNativeTarget "ContactCore" */;
			buildPhases = (
				81EB8E1B1E382D0F004B7061 /* Sources */,
				81EB8E1C1E382D0F004B7061 /* Frameworks */,
				81EB8E1D1E382D0F004B7061 /* Resources */,
			);
			buildRules = (
			);
			dependencies = (
			);
			name = ContactCore;
			productName = ContactCore;
			productReference = 81EB8E1F1E382D0F004B7061 /* ContactCore.app */;
			productType = "com.apple.product-type.application";
		};
/* End PBXNativeTarget section */

/* Begin PBXProject section */
		81EB8E171E382D0F004B7061 /* Project object */ = {
			isa = PBXProject;
			attributes = {
				LastSwiftUpdateCheck = 0820;
				LastUpgradeCheck = 0820;
				ORGANIZATIONNAME = "Shane Empie";
				TargetAttributes = {
					81EB8E1E1E382D0F004B7061 = {
						CreatedOnToolsVersion = 8.2.1;
						ProvisioningStyle = Automatic;
					};
				};
			};
			buildConfigurationList = 81EB8E1A1E382D0F004B7061 /* Build configuration list for PBXProject "ContactCore" */;
			compatibilityVersion = "Xcode 3.2";
			developmentRegion = English;
			hasScannedForEncodings = 0;
			knownRegions = (
				en,
				Base,
			);
			mainGroup = 81EB8E161E382D0F004B7061;
			productRefGroup = 81EB8E201E382D0F004B7061 /* Products */;
			projectDirPath = "";
			projectRoot = "";
			targets = (
				81EB8E1E1E382D0F004B7061 /* ContactCore */,
			);
		};
/* End PBXProject section */

/* Begin PBXResourcesBuildPhase section */
		81EB8E1D1E382D0F004B7061 /* Resources */ = {
			isa = PBXResourcesBuildPhase;
			buildActionMask = 2147483647;
			files = (
				81EB8E301E382D0F004B7061 /* LaunchScreen.storyboard in Resources */,
				81EB8E2D1E382D0F004B7061 /* Assets.xcassets in Resources */,
				81EB8E281E382D0F004B7061 /* Main.storyboard in Resources */,
			);
			runOnlyForDeploymentPostprocessing = 0;
		};
/* End PBXResourcesBuildPhase section */

/* Begin PBXSourcesBuildPhase section */
		81EB8E1B1E382D0F004B7061 /* Sources */ = {
			isa = PBXSourcesBuildPhase;
			buildActionMask = 2147483647;
			files = (
				81EB8E251E382D0F004B7061 /* ViewController.swift in Sources */,
				81EB8E2B1E382D0F004B7061 /* ContactCore.xcdatamodeld in Sources */,
				81EB8E231E382D0F004B7061 /* AppDelegate.swift in Sources */,
				81EB8E381E38347F004B7061 /* DetailViewController.swift in Sources */,
			);
			runOnlyForDeploymentPostprocessing = 0;
		};
/* End PBXSourcesBuildPhase section */

/* Begin PBXVariantGroup section */
		81EB8E261E382D0F004B7061 /* Main.storyboard */ = {
			isa = PBXVariantGroup;
			children = (
				81EB8E271E382D0F004B7061 /* Base */,
			);
			name = Main.storyboard;
			sourceTree = "<group>";
		};
		81EB8E2E1E382D0F004B7061 /* LaunchScreen.storyboard */ = {
			isa = PBXVariantGroup;
			children = (
				81EB8E2F1E382D0F004B7061 /* Base */,
			);
			name = LaunchScreen.storyboard;
			sourceTree = "<group>";
		};
/* End PBXVariantGroup section */

/* Begin XCBuildConfiguration section */
		81EB8E321E382D0F004B7061 /* Debug */ = {
			isa = XCBuildConfiguration;
			buildSettings = {
				ALWAYS_SEARCH_USER_PATHS = NO;
				CLANG_ANALYZER_NONNULL = YES;
				CLANG_CXX_LANGUAGE_STANDARD = "gnu++0x";
				CLANG_CXX_LIBRARY = "libc++";
				CLANG_ENABLE_MODULES = YES;
				CLANG_ENABLE_OBJC_ARC = YES;
				CLANG_WARN_BOOL_CONVERSION = YES;
				CLANG_WARN_CONSTANT_CONVERSION = YES;
				CLANG_WARN_DIRECT_OBJC_ISA_USAGE = YES_ERROR;
				CLANG_WARN_DOCUMENTATION_COMMENTS = YES;
				CLANG_WARN_EMPTY_BODY = YES;
				CLANG_WARN_ENUM_CONVERSION = YES;
				CLANG_WARN_INFINITE_RECURSION = YES;
				CLANG_WARN_INT_CONVERSION = YES;
				CLANG_WARN_OBJC_ROOT_CLASS = YES_ERROR;
				CLANG_WARN_SUSPICIOUS_MOVE = YES;
				CLANG_WARN_UNREACHABLE_CODE = YES;
				CLANG_WARN__DUPLICATE_METHOD_MATCH = YES;
				"CODE_SIGN_IDENTITY[sdk=iphoneos*]" = "iPhone Developer";
				COPY_PHASE_STRIP = NO;
				DEBUG_INFORMATION_FORMAT = dwarf;
				ENABLE_STRICT_OBJC_MSGSEND = YES;
				ENABLE_TESTABILITY = YES;
				GCC_C_LANGUAGE_STANDARD = gnu99;
				GCC_DYNAMIC_NO_PIC = NO;
				GCC_NO_COMMON_BLOCKS = YES;
				GCC_OPTIMIZATION_LEVEL = 0;
				GCC_PREPROCESSOR_DEFINITIONS = (
					"DEBUG=1",
					"$(inherited)",
				);
				GCC_WARN_64_TO_32_BIT_CONVERSION = YES;
				GCC_WARN_ABOUT_RETURN_TYPE = YES_ERROR;
				GCC_WARN_UNDECLARED_SELECTOR = YES;
				GCC_WARN_UNINITIALIZED_AUTOS = YES_AGGRESSIVE;
				GCC_WARN_UNUSED_FUNCTION = YES;
				GCC_WARN_UNUSED_VARIABLE = YES;
				IPHONEOS_DEPLOYMENT_TARGET = 10.2;
				MTL_ENABLE_DEBUG_INFO = YES;
				ONLY_ACTIVE_ARCH = YES;
				SDKROOT = iphoneos;
				SWIFT_ACTIVE_COMPILATION_CONDITIONS = DEBUG;
				SWIFT_OPTIMIZATION_LEVEL = "-Onone";
				TARGETED_DEVICE_FAMILY = "1,2";
			};
			name = Debug;
		};
		81EB8E331E382D0F004B7061 /* Release */ = {
			isa = XCBuildConfiguration;
			buildSettings = {
				ALWAYS_SEARCH_USER_PATHS = NO;
				CLANG_ANALYZER_NONNULL = YES;
				CLANG_CXX_LANGUAGE_STANDARD = "gnu++0x";
				CLANG_CXX_LIBRARY = "libc++";
				CLANG_ENABLE_MODULES = YES;
				CLANG_ENABLE_OBJC_ARC = YES;
				CLANG_WARN_BOOL_CONVERSION = YES;
				CLANG_WARN_CONSTANT_CONVERSION = YES;
				CLANG_WARN_DIRECT_OBJC_ISA_USAGE = YES_ERROR;
				CLANG_WARN_DOCUMENTATION_COMMENTS = YES;
				CLANG_WARN_EMPTY_BODY = YES;
				CLANG_WARN_ENUM_CONVERSION = YES;
				CLANG_WARN_INFINITE_RECURSION = YES;
				CLANG_WARN_INT_CONVERSION = YES;
				CLANG_WARN_OBJC_ROOT_CLASS = YES_ERROR;
				CLANG_WARN_SUSPICIOUS_MOVE = YES;
				CLANG_WARN_UNREACHABLE_CODE = YES;
				CLANG_WARN__DUPLICATE_METHOD_MATCH = YES;
				"CODE_SIGN_IDENTITY[sdk=iphoneos*]" = "iPhone Developer";
				COPY_PHASE_STRIP = NO;
				DEBUG_INFORMATION_FORMAT = "dwarf-with-dsym";
				ENABLE_NS_ASSERTIONS = NO;
				ENABLE_STRICT_OBJC_MSGSEND = YES;
				GCC_C_LANGUAGE_STANDARD = gnu99;
				GCC_NO_COMMON_BLOCKS = YES;
				GCC_WARN_64_TO_32_BIT_CONVERSION = YES;
				GCC_WARN_ABOUT_RETURN_TYPE = YES_ERROR;
				GCC_WARN_UNDECLARED_SELECTOR = YES;
				GCC_WARN_UNINITIALIZED_AUTOS = YES_AGGRESSIVE;
				GCC_WARN_UNUSED_FUNCTION = YES;
				GCC_WARN_UNUSED_VARIABLE = YES;
				IPHONEOS_DEPLOYMENT_TARGET = 10.2;
				MTL_ENABLE_DEBUG_INFO = NO;
				SDKROOT = iphoneos;
				SWIFT_OPTIMIZATION_LEVEL = "-Owholemodule";
				TARGETED_DEVICE_FAMILY = "1,2";
				VALIDATE_PRODUCT = YES;
			};
			name = Release;
		};
		81EB8E351E382D0F004B7061 /* Debug */ = {
			isa = XCBuildConfiguration;
			buildSettings = {
				ASSETCATALOG_COMPILER_APPICON_NAME = AppIcon;
				INFOPLIST_FILE = ContactCore/Info.plist;
				LD_RUNPATH_SEARCH_PATHS = "$(inherited) @executable_path/Frameworks";
				PRODUCT_BUNDLE_IDENTIFIER = wccnet.edu.sempie.ContactCore;
				PRODUCT_NAME = "$(TARGET_NAME)";
				SWIFT_VERSION = 3.0;
			};
			name = Debug;
		};
		81EB8E361E382D0F004B7061 /* Release */ = {
			isa = XCBuildConfiguration;
			buildSettings = {
				ASSETCATALOG_COMPILER_APPICON_NAME = AppIcon;
				INFOPLIST_FILE = ContactCore/Info.plist;
				LD_RUNPATH_SEARCH_PATHS = "$(inherited) @executable_path/Frameworks";
				PRODUCT_BUNDLE_IDENTIFIER = wccnet.edu.sempie.ContactCore;
				PRODUCT_NAME = "$(TARGET_NAME)";
				SWIFT_VERSION = 3.0;
			};
			name = Release;
		};
/* End XCBuildConfiguration section */

/* Begin XCConfigurationList section */
		81EB8E1A1E382D0F004B7061 /* Build configuration list for PBXProject "ContactCore" */ = {
			isa = XCConfigurationList;
			buildConfigurations = (
				81EB8E321E382D0F004B7061 /* Debug */,
				81EB8E331E382D0F004B7061 /* Release */,
			);
			defaultConfigurationIsVisible = 0;
			defaultConfigurationName = Release;
		};
		81EB8E341E382D0F004B7061 /* Build configuration list for PBXNativeTarget "ContactCore" */ = {
			isa = XCConfigurationList;
			buildConfigurations = (
				81EB8E351E382D0F004B7061 /* Debug */,
				81EB8E361E382D0F004B7061 /* Release */,
			);
			defaultConfigurationIsVisible = 0;
		};
/* End XCConfigurationList section */

/* Begin XCVersionGroup section */
		81EB8E291E382D0F004B7061 /* ContactCore.xcdatamodeld */ = {
			isa = XCVersionGroup;
			children = (
				81EB8E2A1E382D0F004B7061 /* ContactCore.xcdatamodel */,
			);
			currentVersion = 81EB8E2A1E382D0F004B7061 /* ContactCore.xcdatamodel */;
			path = ContactCore.xcdatamodeld;
			sourceTree = "<group>";
			versionGroupType = wrapper.xcdatamodel;
		};
/* End XCVersionGroup section */
	};
	rootObject = 81EB8E171E382D0F004B7061 /* Project object */;
}
